
Microsoft Visual Studio Solution File, Format Version 12.00
# Visual Studio Version 16
VisualStudioVersion = 16.0.31729.503
MinimumVisualStudioVersion = 10.0.40219.1
Project("{8BC9CEB8-8B4A-11D0-8D11-00A0C91BC942}") = "lab 8.1 rec 1", "lab 8.1 rec 1\lab 8.1 rec 1.vcxproj", "{B6AEB437-CF09-400C-9E6A-DEC617D3D240}"
EndProject
Project("{8BC9CEB8-8B4A-11D0-8D11-00A0C91BC942}") = "UnitTest1", "UnitTest1\UnitTest1.vcxproj", "{0756E563-2DE0-4981-BEA6-FFD3D2456F69}"
EndProject
Global
	GlobalSection(SolutionConfigurationPlatforms) = preSolution
		Debug|x64 = Debug|x64
		Debug|x86 = Debug|x86
		Release|x64 = Release|x64
		Release|x86 = Release|x86
	EndGlobalSection
	GlobalSection(ProjectConfigurationPlatforms) = postSolution
		{B6AEB437-CF09-400C-9E6A-DEC617D3D240}.Debug|x64.ActiveCfg = Debug|x64
		{B6AEB437-CF09-400C-9E6A-DEC617D3D240}.Debug|x64.Build.0 = Debug|x64
		{B6AEB437-CF09-400C-9E6A-DEC617D3D240}.Debug|x86.ActiveCfg = Debug|Win32
		{B6AEB437-CF09-400C-9E6A-DEC617D3D240}.Debug|x86.Build.0 = Debug|Win32
		{B6AEB437-CF09-400C-9E6A-DEC617D3D240}.Release|x64.ActiveCfg = Release|x64
		{B6AEB437-CF09-400C-9E6A-DEC617D3D240}.Release|x64.Build.0 = Release|x64
		{B6AEB437-CF09-400C-9E6A-DEC617D3D240}.Release|x86.ActiveCfg = Release|Win32
		{B6AEB437-CF09-400C-9E6A-DEC617D3D240}.Release|x86.Build.0 = Release|Win32
		{0756E563-2DE0-4981-BEA6-FFD3D2456F69}.Debug|x64.ActiveCfg = Debug|x64
		{0756E563-2DE0-4981-BEA6-FFD3D2456F69}.Debug|x64.Build.0 = Debug|x64
		{0756E563-2DE0-4981-BEA6-FFD3D2456F69}.Debug|x86.ActiveCfg = Debug|Win32
		{0756E563-2DE0-4981-BEA6-FFD3D2456F69}.Debug|x86.Build.0 = Debug|Win32
		{0756E563-2DE0-4981-BEA6-FFD3D2456F69}.Release|x64.ActiveCfg = Release|x64
		{0756E563-2DE0-4981-BEA6-FFD3D2456F69}.Release|x64.Build.0 = Release|x64
		{0756E563-2DE0-4981-BEA6-FFD3D2456F69}.Release|x86.ActiveCfg = Release|Win32
		{0756E563-2DE0-4981-BEA6-FFD3D2456F69}.Release|x86.Build.0 = Release|Win32
	EndGlobalSection
	GlobalSection(SolutionProperties) = preSolution
		HideSolutionNode = FALSE
	EndGlobalSection
	GlobalSection(ExtensibilityGlobals) = postSolution
		SolutionGuid = {5EECD828-A6C2-4900-A771-CFB2273281C0}
	EndGlobalSection
EndGlobal
